// !$*UTF8*$!
{
	archiveVersion = 1;
	classes = {
	};
	objectVersion = 56;
	objects = {

/* Begin PBXBuildFile section */
		350FF7092C893A2700C384BF /* MyRandomImage.swift in Sources */ = {isa = PBXBuildFile; fileRef = 350FF7082C893A2700C384BF /* MyRandomImage.swift */; };
		350FF70B2C893A3500C384BF /* CategoryUpgrade.swift in Sources */ = {isa = PBXBuildFile; fileRef = 350FF70A2C893A3500C384BF /* CategoryUpgrade.swift */; };
		350FF70D2C89959100C384BF /* HorizontalSelectionView.swift in Sources */ = {isa = PBXBuildFile; fileRef = 350FF70C2C89959100C384BF /* HorizontalSelectionView.swift */; };
		350FF70F2C8995C100C384BF /* PosterView.swift in Sources */ = {isa = PBXBuildFile; fileRef = 350FF70E2C8995C100C384BF /* PosterView.swift */; };
		350FF7132C89B10200C384BF /* ImageView.swift in Sources */ = {isa = PBXBuildFile; fileRef = 350FF7122C89B10200C384BF /* ImageView.swift */; };
		355383372C76C60D002863FD /* BasicSwiftUIPracticeApp.swift in Sources */ = {isa = PBXBuildFile; fileRef = 355383362C76C60D002863FD /* BasicSwiftUIPracticeApp.swift */; };
		355383392C76C60D002863FD /* ContentView.swift in Sources */ = {isa = PBXBuildFile; fileRef = 355383382C76C60D002863FD /* ContentView.swift */; };
		3553833B2C76C60D002863FD /* Assets.xcassets in Resources */ = {isa = PBXBuildFile; fileRef = 3553833A2C76C60D002863FD /* Assets.xcassets */; };
		3553833E2C76C60D002863FD /* Preview Assets.xcassets in Resources */ = {isa = PBXBuildFile; fileRef = 3553833D2C76C60D002863FD /* Preview Assets.xcassets */; };
		35821BFC2C86FB510064F63A /* CoinNetworkView.swift in Sources */ = {isa = PBXBuildFile; fileRef = 35821BFB2C86FB510064F63A /* CoinNetworkView.swift */; };
		35821C002C8700470064F63A /* UpbitAPI.swift in Sources */ = {isa = PBXBuildFile; fileRef = 35821BFF2C8700470064F63A /* UpbitAPI.swift */; };
		35E787472C85A9C700063A47 /* ProfileSettingView.swift in Sources */ = {isa = PBXBuildFile; fileRef = 35E787462C85A9C700063A47 /* ProfileSettingView.swift */; };
		35E787492C85A9E000063A47 /* ProfileImageSettingView.swift in Sources */ = {isa = PBXBuildFile; fileRef = 35E787482C85A9E000063A47 /* ProfileImageSettingView.swift */; };
		35E7874B2C85A9F900063A47 /* LoadingCompleteView.swift in Sources */ = {isa = PBXBuildFile; fileRef = 35E7874A2C85A9F900063A47 /* LoadingCompleteView.swift */; };
		35E7874D2C85AB3000063A47 /* LoadingView.swift in Sources */ = {isa = PBXBuildFile; fileRef = 35E7874C2C85AB3000063A47 /* LoadingView.swift */; };
		35E7AE6F2C889E1E00C4C63D /* CoinVIewNavigation.swift in Sources */ = {isa = PBXBuildFile; fileRef = 35E7AE6E2C889E1E00C4C63D /* CoinVIewNavigation.swift */; };
		35E7AE712C88A0E000C4C63D /* Banner.swift in Sources */ = {isa = PBXBuildFile; fileRef = 35E7AE702C88A0E000C4C63D /* Banner.swift */; };
/* End PBXBuildFile section */

/* Begin PBXFileReference section */
		350FF7082C893A2700C384BF /* MyRandomImage.swift */ = {isa = PBXFileReference; lastKnownFileType = sourcecode.swift; path = MyRandomImage.swift; sourceTree = "<group>"; };
		350FF70A2C893A3500C384BF /* CategoryUpgrade.swift */ = {isa = PBXFileReference; lastKnownFileType = sourcecode.swift; path = CategoryUpgrade.swift; sourceTree = "<group>"; };
		350FF70C2C89959100C384BF /* HorizontalSelectionView.swift */ = {isa = PBXFileReference; lastKnownFileType = sourcecode.swift; path = HorizontalSelectionView.swift; sourceTree = "<group>"; };
		350FF70E2C8995C100C384BF /* PosterView.swift */ = {isa = PBXFileReference; lastKnownFileType = sourcecode.swift; path = PosterView.swift; sourceTree = "<group>"; };
		350FF7122C89B10200C384BF /* ImageView.swift */ = {isa = PBXFileReference; lastKnownFileType = sourcecode.swift; path = ImageView.swift; sourceTree = "<group>"; };
		355383332C76C60D002863FD /* BasicSwiftUIPractice.app */ = {isa = PBXFileReference; explicitFileType = wrapper.application; includeInIndex = 0; path = BasicSwiftUIPractice.app; sourceTree = BUILT_PRODUCTS_DIR; };
		355383362C76C60D002863FD /* BasicSwiftUIPracticeApp.swift */ = {isa = PBXFileReference; lastKnownFileType = sourcecode.swift; path = BasicSwiftUIPracticeApp.swift; sourceTree = "<group>"; };
		355383382C76C60D002863FD /* ContentView.swift */ = {isa = PBXFileReference; lastKnownFileType = sourcecode.swift; path = ContentView.swift; sourceTree = "<group>"; };
		3553833A2C76C60D002863FD /* Assets.xcassets */ = {isa = PBXFileReference; lastKnownFileType = folder.assetcatalog; path = Assets.xcassets; sourceTree = "<group>"; };
		3553833D2C76C60D002863FD /* Preview Assets.xcassets */ = {isa = PBXFileReference; lastKnownFileType = folder.assetcatalog; path = "Preview Assets.xcassets"; sourceTree = "<group>"; };
		35821BFB2C86FB510064F63A /* CoinNetworkView.swift */ = {isa = PBXFileReference; lastKnownFileType = sourcecode.swift; path = CoinNetworkView.swift; sourceTree = "<group>"; };
		35821BFF2C8700470064F63A /* UpbitAPI.swift */ = {isa = PBXFileReference; lastKnownFileType = sourcecode.swift; path = UpbitAPI.swift; sourceTree = "<group>"; };
		35E787462C85A9C700063A47 /* ProfileSettingView.swift */ = {isa = PBXFileReference; lastKnownFileType = sourcecode.swift; path = ProfileSettingView.swift; sourceTree = "<group>"; };
		35E787482C85A9E000063A47 /* ProfileImageSettingView.swift */ = {isa = PBXFileReference; lastKnownFileType = sourcecode.swift; path = ProfileImageSettingView.swift; sourceTree = "<group>"; };
		35E7874A2C85A9F900063A47 /* LoadingCompleteView.swift */ = {isa = PBXFileReference; lastKnownFileType = sourcecode.swift; path = LoadingCompleteView.swift; sourceTree = "<group>"; };
		35E7874C2C85AB3000063A47 /* LoadingView.swift */ = {isa = PBXFileReference; lastKnownFileType = sourcecode.swift; path = LoadingView.swift; sourceTree = "<group>"; };
		35E7AE6E2C889E1E00C4C63D /* CoinVIewNavigation.swift */ = {isa = PBXFileReference; lastKnownFileType = sourcecode.swift; path = CoinVIewNavigation.swift; sourceTree = "<group>"; };
		35E7AE702C88A0E000C4C63D /* Banner.swift */ = {isa = PBXFileReference; lastKnownFileType = sourcecode.swift; path = Banner.swift; sourceTree = "<group>"; };
/* End PBXFileReference section */

/* Begin PBXFrameworksBuildPhase section */
		355383302C76C60D002863FD /* Frameworks */ = {
			isa = PBXFrameworksBuildPhase;
			buildActionMask = 2147483647;
			files = (
			);
			runOnlyForDeploymentPostprocessing = 0;
		};
/* End PBXFrameworksBuildPhase section */

/* Begin PBXGroup section */
		3553832A2C76C60D002863FD = {
			isa = PBXGroup;
			children = (
				355383352C76C60D002863FD /* BasicSwiftUIPractice */,
				355383342C76C60D002863FD /* Products */,
			);
			sourceTree = "<group>";
		};
		355383342C76C60D002863FD /* Products */ = {
			isa = PBXGroup;
			children = (
				355383332C76C60D002863FD /* BasicSwiftUIPractice.app */,
			);
			name = Products;
			sourceTree = "<group>";
		};
		355383352C76C60D002863FD /* BasicSwiftUIPractice */ = {
			isa = PBXGroup;
			children = (
				35E7874C2C85AB3000063A47 /* LoadingView.swift */,
				35E787462C85A9C700063A47 /* ProfileSettingView.swift */,
				35E787482C85A9E000063A47 /* ProfileImageSettingView.swift */,
				35E7874A2C85A9F900063A47 /* LoadingCompleteView.swift */,
				355383382C76C60D002863FD /* ContentView.swift */,
				355383362C76C60D002863FD /* BasicSwiftUIPracticeApp.swift */,
				35821BFB2C86FB510064F63A /* CoinNetworkView.swift */,
				35821BFF2C8700470064F63A /* UpbitAPI.swift */,
				35E7AE6E2C889E1E00C4C63D /* CoinVIewNavigation.swift */,
				35E7AE702C88A0E000C4C63D /* Banner.swift */,
				3553833C2C76C60D002863FD /* Preview Content */,
				3553833A2C76C60D002863FD /* Assets.xcassets */,
				350FF7082C893A2700C384BF /* MyRandomImage.swift */,
				350FF70C2C89959100C384BF /* HorizontalSelectionView.swift */,
				350FF70E2C8995C100C384BF /* PosterView.swift */,
				350FF7122C89B10200C384BF /* ImageView.swift */,
				350FF70A2C893A3500C384BF /* CategoryUpgrade.swift */,
			);
			path = BasicSwiftUIPractice;
			sourceTree = "<group>";
		};
		3553833C2C76C60D002863FD /* Preview Content */ = {
			isa = PBXGroup;
			children = (
				3553833D2C76C60D002863FD /* Preview Assets.xcassets */,
			);
			path = "Preview Content";
			sourceTree = "<group>";
		};
/* End PBXGroup section */

/* Begin PBXNativeTarget section */
		355383322C76C60D002863FD /* BasicSwiftUIPractice */ = {
			isa = PBXNativeTarget;
			buildConfigurationList = 355383412C76C60D002863FD /* Build configuration list for PBXNativeTarget "BasicSwiftUIPractice" */;
			buildPhases = (
				3553832F2C76C60D002863FD /* Sources */,
				355383302C76C60D002863FD /* Frameworks */,
				355383312C76C60D002863FD /* Resources */,
			);
			buildRules = (
			);
			dependencies = (
			);
			name = BasicSwiftUIPractice;
			productName = BasicSwiftUIPractice;
			productReference = 355383332C76C60D002863FD /* BasicSwiftUIPractice.app */;
			productType = "com.apple.product-type.application";
		};
/* End PBXNativeTarget section */

/* Begin PBXProject section */
		3553832B2C76C60D002863FD /* Project object */ = {
			isa = PBXProject;
			attributes = {
				BuildIndependentTargetsInParallel = 1;
				LastSwiftUpdateCheck = 1530;
				LastUpgradeCheck = 1530;
				TargetAttributes = {
					355383322C76C60D002863FD = {
						CreatedOnToolsVersion = 15.3;
					};
				};
			};
			buildConfigurationList = 3553832E2C76C60D002863FD /* Build configuration list for PBXProject "BasicSwiftUIPractice" */;
			compatibilityVersion = "Xcode 14.0";
			developmentRegion = en;
			hasScannedForEncodings = 0;
			knownRegions = (
				en,
				Base,
			);
			mainGroup = 3553832A2C76C60D002863FD;
			productRefGroup = 355383342C76C60D002863FD /* Products */;
			projectDirPath = "";
			projectRoot = "";
			targets = (
				355383322C76C60D002863FD /* BasicSwiftUIPractice */,
			);
		};
/* End PBXProject section */

/* Begin PBXResourcesBuildPhase section */
		355383312C76C60D002863FD /* Resources */ = {
			isa = PBXResourcesBuildPhase;
			buildActionMask = 2147483647;
			files = (
				3553833E2C76C60D002863FD /* Preview Assets.xcassets in Resources */,
				3553833B2C76C60D002863FD /* Assets.xcassets in Resources */,
			);
			runOnlyForDeploymentPostprocessing = 0;
		};
/* End PBXResourcesBuildPhase section */

/* Begin PBXSourcesBuildPhase section */
		3553832F2C76C60D002863FD /* Sources */ = {
			isa = PBXSourcesBuildPhase;
			buildActionMask = 2147483647;
			files = (
				350FF7132C89B10200C384BF /* ImageView.swift in Sources */,
				35E787472C85A9C700063A47 /* ProfileSettingView.swift in Sources */,
				350FF7092C893A2700C384BF /* MyRandomImage.swift in Sources */,
				350FF70B2C893A3500C384BF /* CategoryUpgrade.swift in Sources */,
				35821C002C8700470064F63A /* UpbitAPI.swift in Sources */,
				35E787492C85A9E000063A47 /* ProfileImageSettingView.swift in Sources */,
				350FF70F2C8995C100C384BF /* PosterView.swift in Sources */,
				35E7874B2C85A9F900063A47 /* LoadingCompleteView.swift in Sources */,
				355383392C76C60D002863FD /* ContentView.swift in Sources */,
				350FF70D2C89959100C384BF /* HorizontalSelectionView.swift in Sources */,
				35821BFC2C86FB510064F63A /* CoinNetworkView.swift in Sources */,
				35E7AE6F2C889E1E00C4C63D /* CoinVIewNavigation.swift in Sources */,
				35E7AE712C88A0E000C4C63D /* Banner.swift in Sources */,
				355383372C76C60D002863FD /* BasicSwiftUIPracticeApp.swift in Sources */,
				35E7874D2C85AB3000063A47 /* LoadingView.swift in Sources */,
			);
			runOnlyForDeploymentPostprocessing = 0;
		};
/* End PBXSourcesBuildPhase section */

/* Begin XCBuildConfiguration section */
		3553833F2C76C60D002863FD /* Debug */ = {
			isa = XCBuildConfiguration;
			buildSettings = {
				ALWAYS_SEARCH_USER_PATHS = NO;
				ASSETCATALOG_COMPILER_GENERATE_SWIFT_ASSET_SYMBOL_EXTENSIONS = YES;
				CLANG_ANALYZER_NONNULL = YES;
				CLANG_ANALYZER_NUMBER_OBJECT_CONVERSION = YES_AGGRESSIVE;
				CLANG_CXX_LANGUAGE_STANDARD = "gnu++20";
				CLANG_ENABLE_MODULES = YES;
				CLANG_ENABLE_OBJC_ARC = YES;
				CLANG_ENABLE_OBJC_WEAK = YES;
				CLANG_WARN_BLOCK_CAPTURE_AUTORELEASING = YES;
				CLANG_WARN_BOOL_CONVERSION = YES;
				CLANG_WARN_COMMA = YES;
				CLANG_WARN_CONSTANT_CONVERSION = YES;
				CLANG_WARN_DEPRECATED_OBJC_IMPLEMENTATIONS = YES;
				CLANG_WARN_DIRECT_OBJC_ISA_USAGE = YES_ERROR;
				CLANG_WARN_DOCUMENTATION_COMMENTS = YES;
				CLANG_WARN_EMPTY_BODY = YES;
				CLANG_WARN_ENUM_CONVERSION = YES;
				CLANG_WARN_INFINITE_RECURSION = YES;
				CLANG_WARN_INT_CONVERSION = YES;
				CLANG_WARN_NON_LITERAL_NULL_CONVERSION = YES;
				CLANG_WARN_OBJC_IMPLICIT_RETAIN_SELF = YES;
				CLANG_WARN_OBJC_LITERAL_CONVERSION = YES;
				CLANG_WARN_OBJC_ROOT_CLASS = YES_ERROR;
				CLANG_WARN_QUOTED_INCLUDE_IN_FRAMEWORK_HEADER = YES;
				CLANG_WARN_RANGE_LOOP_ANALYSIS = YES;
				CLANG_WARN_STRICT_PROTOTYPES = YES;
				CLANG_WARN_SUSPICIOUS_MOVE = YES;
				CLANG_WARN_UNGUARDED_AVAILABILITY = YES_AGGRESSIVE;
				CLANG_WARN_UNREACHABLE_CODE = YES;
				CLANG_WARN__DUPLICATE_METHOD_MATCH = YES;
				COPY_PHASE_STRIP = NO;
				DEBUG_INFORMATION_FORMAT = dwarf;
				ENABLE_STRICT_OBJC_MSGSEND = YES;
				ENABLE_TESTABILITY = YES;
				ENABLE_USER_SCRIPT_SANDBOXING = YES;
				GCC_C_LANGUAGE_STANDARD = gnu17;
				GCC_DYNAMIC_NO_PIC = NO;
				GCC_NO_COMMON_BLOCKS = YES;
				GCC_OPTIMIZATION_LEVEL = 0;
				GCC_PREPROCESSOR_DEFINITIONS = (
					"DEBUG=1",
					"$(inherited)",
				);
				GCC_WARN_64_TO_32_BIT_CONVERSION = YES;
				GCC_WARN_ABOUT_RETURN_TYPE = YES_ERROR;
				GCC_WARN_UNDECLARED_SELECTOR = YES;
				GCC_WARN_UNINITIALIZED_AUTOS = YES_AGGRESSIVE;
				GCC_WARN_UNUSED_FUNCTION = YES;
				GCC_WARN_UNUSED_VARIABLE = YES;
				IPHONEOS_DEPLOYMENT_TARGET = 17.4;
				LOCALIZATION_PREFERS_STRING_CATALOGS = YES;
				MTL_ENABLE_DEBUG_INFO = INCLUDE_SOURCE;
				MTL_FAST_MATH = YES;
				ONLY_ACTIVE_ARCH = YES;
				SDKROOT = iphoneos;
				SWIFT_ACTIVE_COMPILATION_CONDITIONS = "DEBUG $(inherited)";
				SWIFT_OPTIMIZATION_LEVEL = "-Onone";
			};
			name = Debug;
		};
		355383402C76C60D002863FD /* Release */ = {
			isa = XCBuildConfiguration;
			buildSettings = {
				ALWAYS_SEARCH_USER_PATHS = NO;
				ASSETCATALOG_COMPILER_GENERATE_SWIFT_ASSET_SYMBOL_EXTENSIONS = YES;
				CLANG_ANALYZER_NONNULL = YES;
				CLANG_ANALYZER_NUMBER_OBJECT_CONVERSION = YES_AGGRESSIVE;
				CLANG_CXX_LANGUAGE_STANDARD = "gnu++20";
				CLANG_ENABLE_MODULES = YES;
				CLANG_ENABLE_OBJC_ARC = YES;
				CLANG_ENABLE_OBJC_WEAK = YES;
				CLANG_WARN_BLOCK_CAPTURE_AUTORELEASING = YES;
				CLANG_WARN_BOOL_CONVERSION = YES;
				CLANG_WARN_COMMA = YES;
				CLANG_WARN_CONSTANT_CONVERSION = YES;
				CLANG_WARN_DEPRECATED_OBJC_IMPLEMENTATIONS = YES;
				CLANG_WARN_DIRECT_OBJC_ISA_USAGE = YES_ERROR;
				CLANG_WARN_DOCUMENTATION_COMMENTS = YES;
				CLANG_WARN_EMPTY_BODY = YES;
				CLANG_WARN_ENUM_CONVERSION = YES;
				CLANG_WARN_INFINITE_RECURSION = YES;
				CLANG_WARN_INT_CONVERSION = YES;
				CLANG_WARN_NON_LITERAL_NULL_CONVERSION = YES;
				CLANG_WARN_OBJC_IMPLICIT_RETAIN_SELF = YES;
				CLANG_WARN_OBJC_LITERAL_CONVERSION = YES;
				CLANG_WARN_OBJC_ROOT_CLASS = YES_ERROR;
				CLANG_WARN_QUOTED_INCLUDE_IN_FRAMEWORK_HEADER = YES;
				CLANG_WARN_RANGE_LOOP_ANALYSIS = YES;
				CLANG_WARN_STRICT_PROTOTYPES = YES;
				CLANG_WARN_SUSPICIOUS_MOVE = YES;
				CLANG_WARN_UNGUARDED_AVAILABILITY = YES_AGGRESSIVE;
				CLANG_WARN_UNREACHABLE_CODE = YES;
				CLANG_WARN__DUPLICATE_METHOD_MATCH = YES;
				COPY_PHASE_STRIP = NO;
				DEBUG_INFORMATION_FORMAT = "dwarf-with-dsym";
				ENABLE_NS_ASSERTIONS = NO;
				ENABLE_STRICT_OBJC_MSGSEND = YES;
				ENABLE_USER_SCRIPT_SANDBOXING = YES;
				GCC_C_LANGUAGE_STANDARD = gnu17;
				GCC_NO_COMMON_BLOCKS = YES;
				GCC_WARN_64_TO_32_BIT_CONVERSION = YES;
				GCC_WARN_ABOUT_RETURN_TYPE = YES_ERROR;
				GCC_WARN_UNDECLARED_SELECTOR = YES;
				GCC_WARN_UNINITIALIZED_AUTOS = YES_AGGRESSIVE;
				GCC_WARN_UNUSED_FUNCTION = YES;
				GCC_WARN_UNUSED_VARIABLE = YES;
				IPHONEOS_DEPLOYMENT_TARGET = 17.4;
				LOCALIZATION_PREFERS_STRING_CATALOGS = YES;
				MTL_ENABLE_DEBUG_INFO = NO;
				MTL_FAST_MATH = YES;
				SDKROOT = iphoneos;
				SWIFT_COMPILATION_MODE = wholemodule;
				VALIDATE_PRODUCT = YES;
			};
			name = Release;
		};
		355383422C76C60D002863FD /* Debug */ = {
			isa = XCBuildConfiguration;
			buildSettings = {
				ASSETCATALOG_COMPILER_APPICON_NAME = AppIcon;
				ASSETCATALOG_COMPILER_GLOBAL_ACCENT_COLOR_NAME = AccentColor;
				CODE_SIGN_STYLE = Automatic;
				CURRENT_PROJECT_VERSION = 1;
				DEVELOPMENT_ASSET_PATHS = "\"BasicSwiftUIPractice/Preview Content\"";
				DEVELOPMENT_TEAM = F3724U2GB3;
				ENABLE_PREVIEWS = YES;
				GENERATE_INFOPLIST_FILE = YES;
				INFOPLIST_KEY_UIApplicationSceneManifest_Generation = YES;
				INFOPLIST_KEY_UIApplicationSupportsIndirectInputEvents = YES;
				INFOPLIST_KEY_UILaunchScreen_Generation = YES;
				INFOPLIST_KEY_UISupportedInterfaceOrientations_iPad = "UIInterfaceOrientationPortrait UIInterfaceOrientationPortraitUpsideDown UIInterfaceOrientationLandscapeLeft UIInterfaceOrientationLandscapeRight";
				INFOPLIST_KEY_UISupportedInterfaceOrientations_iPhone = "UIInterfaceOrientationPortrait UIInterfaceOrientationLandscapeLeft UIInterfaceOrientationLandscapeRight";
				LD_RUNPATH_SEARCH_PATHS = (
					"$(inherited)",
					"@executable_path/Frameworks",
				);
				MARKETING_VERSION = 1.0;
				PRODUCT_BUNDLE_IDENTIFIER = joy.BasicSwiftUIPractice;
				PRODUCT_NAME = "$(TARGET_NAME)";
				SWIFT_EMIT_LOC_STRINGS = YES;
				SWIFT_VERSION = 5.0;
				TARGETED_DEVICE_FAMILY = "1,2";
			};
			name = Debug;
		};
		355383432C76C60D002863FD /* Release */ = {
			isa = XCBuildConfiguration;
			buildSettings = {
				ASSETCATALOG_COMPILER_APPICON_NAME = AppIcon;
				ASSETCATALOG_COMPILER_GLOBAL_ACCENT_COLOR_NAME = AccentColor;
				CODE_SIGN_STYLE = Automatic;
				CURRENT_PROJECT_VERSION = 1;
				DEVELOPMENT_ASSET_PATHS = "\"BasicSwiftUIPractice/Preview Content\"";
				DEVELOPMENT_TEAM = F3724U2GB3;
				ENABLE_PREVIEWS = YES;
				GENERATE_INFOPLIST_FILE = YES;
				INFOPLIST_KEY_UIApplicationSceneManifest_Generation = YES;
				INFOPLIST_KEY_UIApplicationSupportsIndirectInputEvents = YES;
				INFOPLIST_KEY_UILaunchScreen_Generation = YES;
				INFOPLIST_KEY_UISupportedInterfaceOrientations_iPad = "UIInterfaceOrientationPortrait UIInterfaceOrientationPortraitUpsideDown UIInterfaceOrientationLandscapeLeft UIInterfaceOrientationLandscapeRight";
				INFOPLIST_KEY_UISupportedInterfaceOrientations_iPhone = "UIInterfaceOrientationPortrait UIInterfaceOrientationLandscapeLeft UIInterfaceOrientationLandscapeRight";
				LD_RUNPATH_SEARCH_PATHS = (
					"$(inherited)",
					"@executable_path/Frameworks",
				);
				MARKETING_VERSION = 1.0;
				PRODUCT_BUNDLE_IDENTIFIER = joy.BasicSwiftUIPractice;
				PRODUCT_NAME = "$(TARGET_NAME)";
				SWIFT_EMIT_LOC_STRINGS = YES;
				SWIFT_VERSION = 5.0;
				TARGETED_DEVICE_FAMILY = "1,2";
			};
			name = Release;
		};
/* End XCBuildConfiguration section */

/* Begin XCConfigurationList section */
		3553832E2C76C60D002863FD /* Build configuration list for PBXProject "BasicSwiftUIPractice" */ = {
			isa = XCConfigurationList;
			buildConfigurations = (
				3553833F2C76C60D002863FD /* Debug */,
				355383402C76C60D002863FD /* Release */,
			);
			defaultConfigurationIsVisible = 0;
			defaultConfigurationName = Release;
		};
		355383412C76C60D002863FD /* Build configuration list for PBXNativeTarget "BasicSwiftUIPractice" */ = {
			isa = XCConfigurationList;
			buildConfigurations = (
				355383422C76C60D002863FD /* Debug */,
				355383432C76C60D002863FD /* Release */,
			);
			defaultConfigurationIsVisible = 0;
			defaultConfigurationName = Release;
		};
/* End XCConfigurationList section */
	};
	rootObject = 3553832B2C76C60D002863FD /* Project object */;
}
